
Microsoft Visual Studio Solution File, Format Version 12.00
# Visual Studio Version 17
VisualStudioVersion = 17.4.32814.64
MinimumVisualStudioVersion = 10.0.40219.1
Project("{2150E333-8FDC-42A3-9474-1A3956D46DE8}") = "tutorials", "tutorials", "{D90D3EC4-8C1E-48B1-988A-95217B2BBDB8}"
	ProjectSection(SolutionItems) = preProject
		docs\tutorials\JsonAnonymizer.fsx = docs\tutorials\JsonAnonymizer.fsx
		docs\tutorials\JsonToXml.fsx = docs\tutorials\JsonToXml.fsx
	EndProjectSection
EndProject
Project("{2150E333-8FDC-42A3-9474-1A3956D46DE8}") = "Solution Items", "Solution Items", "{36E72EB1-5847-4B38-8993-B951648CB0D9}"
	ProjectSection(SolutionItems) = preProject
		.editorconfig = .editorconfig
		.fantomasignore = .fantomasignore
		build.fsx = build.fsx
		CONTRIBUTING.md = CONTRIBUTING.md
		LICENSE.md = LICENSE.md
		paket.dependencies = paket.dependencies
		README.md = README.md
		RELEASE_NOTES.md = RELEASE_NOTES.md
		src\SetupTesting.fsx = src\SetupTesting.fsx
	EndProjectSection
EndProject
Project("{6EC3EE1D-3C4E-46DD-8F32-0CC8E7565705}") = "FSharp.Data", "src\FSharp.Data\FSharp.Data.fsproj", "{6EBFDE55-9687-40A9-8C1A-6E204ECB117F}"
EndProject
Project("{2150E333-8FDC-42A3-9474-1A3956D46DE8}") = "tests", "tests", "{1F33D53A-C007-408C-AF6C-B7D62288F941}"
EndProject
Project("{6EC3EE1D-3C4E-46DD-8F32-0CC8E7565705}") = "FSharp.Data.Reference.Tests", "tests\FSharp.Data.Reference.Tests\FSharp.Data.Reference.Tests.fsproj", "{DE36F8D0-7895-4ABD-9755-921F1BEAD3C9}"
EndProject
Project("{6EC3EE1D-3C4E-46DD-8F32-0CC8E7565705}") = "FSharp.Data.Core.Tests", "tests\FSharp.Data.Core.Tests\FSharp.Data.Core.Tests.fsproj", "{1746A3E0-32A2-49A7-9C8A-A0BCB52683B0}"
EndProject
Project("{6EC3EE1D-3C4E-46DD-8F32-0CC8E7565705}") = "FSharp.Data.DesignTime.Tests", "tests\FSharp.Data.DesignTime.Tests\FSharp.Data.DesignTime.Tests.fsproj", "{A5B31ACC-56FB-4EC2-917F-BEB3754EF9AC}"
EndProject
Project("{9A19103F-16F7-4668-BE54-9A1E7A4F7556}") = "FSharp.Data.Core.Tests.CSharp", "tests\FSharp.Data.Core.Tests.CSharp\FSharp.Data.Core.Tests.CSharp.csproj", "{290FED0C-D7C8-486F-AACF-3D7A1304C863}"
EndProject
Project("{6EC3EE1D-3C4E-46DD-8F32-0CC8E7565705}") = "FSharp.Data.Json.Core", "src\FSharp.Data.Json.Core\FSharp.Data.Json.Core.fsproj", "{DAEBFBCF-84CD-40BB-B8F6-99B1A9C4641F}"
EndProject
Project("{6EC3EE1D-3C4E-46DD-8F32-0CC8E7565705}") = "FSharp.Data.Tests", "tests\FSharp.Data.Tests\FSharp.Data.Tests.fsproj", "{750148EC-6A05-421D-96A4-E5AC9D18AF58}"
EndProject
Project("{6EC3EE1D-3C4E-46DD-8F32-0CC8E7565705}") = "FSharp.Data.DesignTime", "src\FSharp.Data.DesignTime\FSharp.Data.DesignTime.fsproj", "{44E0DF97-D8FD-4805-8A84-B888D9589C8A}"
EndProject
Project("{6EC3EE1D-3C4E-46DD-8F32-0CC8E7565705}") = "FSharp.Data.Html.Core", "src\FSharp.Data.Html.Core\FSharp.Data.Html.Core.fsproj", "{E91BF68E-257C-43E6-BDE9-672D4E3BFAFA}"
EndProject
Project("{6EC3EE1D-3C4E-46DD-8F32-0CC8E7565705}") = "FSharp.Data.Http", "src\FSharp.Data.Http\FSharp.Data.Http.fsproj", "{29EDED03-D2D6-415C-A17D-00806C52035A}"
EndProject
Project("{6EC3EE1D-3C4E-46DD-8F32-0CC8E7565705}") = "FSharp.Data.Xml.Core", "src\FSharp.Data.Xml.Core\FSharp.Data.Xml.Core.fsproj", "{1ECEFFEE-1040-40ED-9EB5-CE720A33058D}"
EndProject
Project("{6EC3EE1D-3C4E-46DD-8F32-0CC8E7565705}") = "FSharp.Data.Csv.Core", "src\FSharp.Data.Csv.Core\FSharp.Data.Csv.Core.fsproj", "{0A1B8B61-268D-4061-B567-A47141C608E4}"
EndProject
Project("{6EC3EE1D-3C4E-46DD-8F32-0CC8E7565705}") = "FSharp.Data.WorldBank.Core", "src\FSharp.Data.WorldBank.Core\FSharp.Data.WorldBank.Core.fsproj", "{A69D007B-EAF0-4866-A8B4-A2EDF2614E56}"
EndProject
Project("{2150E333-8FDC-42A3-9474-1A3956D46DE8}") = "docs", "docs", "{8C038DD5-FB03-4E6D-B8F2-D66AE2E6DCC9}"
	ProjectSection(SolutionItems) = preProject
		docs\index.md = docs\index.md
	EndProjectSection
EndProject
Project("{2150E333-8FDC-42A3-9474-1A3956D46DE8}") = "library", "library", "{660DBCC8-F7F2-4301-A611-A2F2C97E369D}"
	ProjectSection(SolutionItems) = preProject
		docs\library\CsvFile.fsx = docs\library\CsvFile.fsx
		docs\library\CsvProvider.fsx = docs\library\CsvProvider.fsx
		docs\library\HtmlCssSelectors.fsx = docs\library\HtmlCssSelectors.fsx
		docs\library\HtmlParser.fsx = docs\library\HtmlParser.fsx
		docs\library\HtmlProvider.fsx = docs\library\HtmlProvider.fsx
		docs\library\Http.fsx = docs\library\Http.fsx
		docs\library\JsonProvider.fsx = docs\library\JsonProvider.fsx
		docs\library\JsonValue.fsx = docs\library\JsonValue.fsx
		docs\library\WorldBank.fsx = docs\library\WorldBank.fsx
		docs\library\XmlProvider.fsx = docs\library\XmlProvider.fsx
	EndProjectSection
EndProject
Project("{2150E333-8FDC-42A3-9474-1A3956D46DE8}") = "data", "data", "{E399369F-268F-4411-84CD-B868F9FE52EF}"
	ProjectSection(SolutionItems) = preProject
		docs\data\2017_F1.htm = docs\data\2017_F1.htm
		docs\data\AirQuality.csv = docs\data\AirQuality.csv
		docs\data\Census.xml = docs\data\Census.xml
		docs\data\GitHub.json = docs\data\GitHub.json
		docs\data\HtmlBody.xml = docs\data\HtmlBody.xml
		docs\data\MortalityNY.tsv = docs\data\MortalityNY.tsv
		docs\data\MSFT.csv = docs\data\MSFT.csv
		docs\data\po.xsd = docs\data\po.xsd
		docs\data\SmallTest.csv = docs\data\SmallTest.csv
		docs\data\Titanic.csv = docs\data\Titanic.csv
		docs\data\TwitterStream.json = docs\data\TwitterStream.json
		docs\data\WorldBank.json = docs\data\WorldBank.json
		docs\data\Writers.xml = docs\data\Writers.xml
	EndProjectSection
EndProject
Project("{2150E333-8FDC-42A3-9474-1A3956D46DE8}") = "tutorials", "tutorials", "{0203D290-11AA-48DB-B1E6-156DFDCEEF80}"
	ProjectSection(SolutionItems) = preProject
		docs\tutorials\JsonAnonymizer.fsx = docs\tutorials\JsonAnonymizer.fsx
		docs\tutorials\JsonToXml.fsx = docs\tutorials\JsonToXml.fsx
	EndProjectSection
EndProject
Project("{6EC3EE1D-3C4E-46DD-8F32-0CC8E7565705}") = "FSharp.Data.Runtime.Utilities", "src\FSharp.Data.Runtime.Utilities\FSharp.Data.Runtime.Utilities.fsproj", "{D04AFA70-4A59-4E1C-AC41-BA0EA70140FF}"
EndProject
Global
	GlobalSection(SolutionConfigurationPlatforms) = preSolution
		Debug|Any CPU = Debug|Any CPU
		Release|Any CPU = Release|Any CPU
	EndGlobalSection
	GlobalSection(ProjectConfigurationPlatforms) = postSolution
		{6EBFDE55-9687-40A9-8C1A-6E204ECB117F}.Debug|Any CPU.ActiveCfg = Debug|Any CPU
		{6EBFDE55-9687-40A9-8C1A-6E204ECB117F}.Debug|Any CPU.Build.0 = Debug|Any CPU
		{6EBFDE55-9687-40A9-8C1A-6E204ECB117F}.Release|Any CPU.ActiveCfg = Release|Any CPU
		{6EBFDE55-9687-40A9-8C1A-6E204ECB117F}.Release|Any CPU.Build.0 = Release|Any CPU
		{DE36F8D0-7895-4ABD-9755-921F1BEAD3C9}.Debug|Any CPU.ActiveCfg = Debug|Any CPU
		{DE36F8D0-7895-4ABD-9755-921F1BEAD3C9}.Debug|Any CPU.Build.0 = Debug|Any CPU
		{DE36F8D0-7895-4ABD-9755-921F1BEAD3C9}.Release|Any CPU.ActiveCfg = Release|Any CPU
		{DE36F8D0-7895-4ABD-9755-921F1BEAD3C9}.Release|Any CPU.Build.0 = Release|Any CPU
		{1746A3E0-32A2-49A7-9C8A-A0BCB52683B0}.Debug|Any CPU.ActiveCfg = Debug|Any CPU
		{1746A3E0-32A2-49A7-9C8A-A0BCB52683B0}.Debug|Any CPU.Build.0 = Debug|Any CPU
		{1746A3E0-32A2-49A7-9C8A-A0BCB52683B0}.Release|Any CPU.ActiveCfg = Release|Any CPU
		{1746A3E0-32A2-49A7-9C8A-A0BCB52683B0}.Release|Any CPU.Build.0 = Release|Any CPU
		{A5B31ACC-56FB-4EC2-917F-BEB3754EF9AC}.Debug|Any CPU.ActiveCfg = Debug|Any CPU
		{A5B31ACC-56FB-4EC2-917F-BEB3754EF9AC}.Debug|Any CPU.Build.0 = Debug|Any CPU
		{A5B31ACC-56FB-4EC2-917F-BEB3754EF9AC}.Release|Any CPU.ActiveCfg = Release|Any CPU
		{A5B31ACC-56FB-4EC2-917F-BEB3754EF9AC}.Release|Any CPU.Build.0 = Release|Any CPU
		{290FED0C-D7C8-486F-AACF-3D7A1304C863}.Debug|Any CPU.ActiveCfg = Debug|Any CPU
		{290FED0C-D7C8-486F-AACF-3D7A1304C863}.Debug|Any CPU.Build.0 = Debug|Any CPU
		{290FED0C-D7C8-486F-AACF-3D7A1304C863}.Release|Any CPU.ActiveCfg = Release|Any CPU
		{290FED0C-D7C8-486F-AACF-3D7A1304C863}.Release|Any CPU.Build.0 = Release|Any CPU
		{DAEBFBCF-84CD-40BB-B8F6-99B1A9C4641F}.Debug|Any CPU.ActiveCfg = Debug|Any CPU
		{DAEBFBCF-84CD-40BB-B8F6-99B1A9C4641F}.Debug|Any CPU.Build.0 = Debug|Any CPU
		{DAEBFBCF-84CD-40BB-B8F6-99B1A9C4641F}.Release|Any CPU.ActiveCfg = Release|Any CPU
		{DAEBFBCF-84CD-40BB-B8F6-99B1A9C4641F}.Release|Any CPU.Build.0 = Release|Any CPU
		{750148EC-6A05-421D-96A4-E5AC9D18AF58}.Debug|Any CPU.ActiveCfg = Debug|Any CPU
		{750148EC-6A05-421D-96A4-E5AC9D18AF58}.Debug|Any CPU.Build.0 = Debug|Any CPU
		{750148EC-6A05-421D-96A4-E5AC9D18AF58}.Release|Any CPU.ActiveCfg = Release|Any CPU
		{750148EC-6A05-421D-96A4-E5AC9D18AF58}.Release|Any CPU.Build.0 = Release|Any CPU
		{44E0DF97-D8FD-4805-8A84-B888D9589C8A}.Debug|Any CPU.ActiveCfg = Debug|Any CPU
		{44E0DF97-D8FD-4805-8A84-B888D9589C8A}.Debug|Any CPU.Build.0 = Debug|Any CPU
		{44E0DF97-D8FD-4805-8A84-B888D9589C8A}.Release|Any CPU.ActiveCfg = Release|Any CPU
		{44E0DF97-D8FD-4805-8A84-B888D9589C8A}.Release|Any CPU.Build.0 = Release|Any CPU
		{E91BF68E-257C-43E6-BDE9-672D4E3BFAFA}.Debug|Any CPU.ActiveCfg = Debug|Any CPU
		{E91BF68E-257C-43E6-BDE9-672D4E3BFAFA}.Debug|Any CPU.Build.0 = Debug|Any CPU
		{E91BF68E-257C-43E6-BDE9-672D4E3BFAFA}.Release|Any CPU.ActiveCfg = Release|Any CPU
		{E91BF68E-257C-43E6-BDE9-672D4E3BFAFA}.Release|Any CPU.Build.0 = Release|Any CPU
		{29EDED03-D2D6-415C-A17D-00806C52035A}.Debug|Any CPU.ActiveCfg = Debug|Any CPU
		{29EDED03-D2D6-415C-A17D-00806C52035A}.Debug|Any CPU.Build.0 = Debug|Any CPU
		{29EDED03-D2D6-415C-A17D-00806C52035A}.Release|Any CPU.ActiveCfg = Release|Any CPU
		{29EDED03-D2D6-415C-A17D-00806C52035A}.Release|Any CPU.Build.0 = Release|Any CPU
		{1ECEFFEE-1040-40ED-9EB5-CE720A33058D}.Debug|Any CPU.ActiveCfg = Debug|Any CPU
		{1ECEFFEE-1040-40ED-9EB5-CE720A33058D}.Debug|Any CPU.Build.0 = Debug|Any CPU
		{1ECEFFEE-1040-40ED-9EB5-CE720A33058D}.Release|Any CPU.ActiveCfg = Release|Any CPU
		{1ECEFFEE-1040-40ED-9EB5-CE720A33058D}.Release|Any CPU.Build.0 = Release|Any CPU
		{0A1B8B61-268D-4061-B567-A47141C608E4}.Debug|Any CPU.ActiveCfg = Debug|Any CPU
		{0A1B8B61-268D-4061-B567-A47141C608E4}.Debug|Any CPU.Build.0 = Debug|Any CPU
		{0A1B8B61-268D-4061-B567-A47141C608E4}.Release|Any CPU.ActiveCfg = Release|Any CPU
		{0A1B8B61-268D-4061-B567-A47141C608E4}.Release|Any CPU.Build.0 = Release|Any CPU
		{A69D007B-EAF0-4866-A8B4-A2EDF2614E56}.Debug|Any CPU.ActiveCfg = Debug|Any CPU
		{A69D007B-EAF0-4866-A8B4-A2EDF2614E56}.Debug|Any CPU.Build.0 = Debug|Any CPU
		{A69D007B-EAF0-4866-A8B4-A2EDF2614E56}.Release|Any CPU.ActiveCfg = Release|Any CPU
		{A69D007B-EAF0-4866-A8B4-A2EDF2614E56}.Release|Any CPU.Build.0 = Release|Any CPU
		{D04AFA70-4A59-4E1C-AC41-BA0EA70140FF}.Debug|Any CPU.ActiveCfg = Debug|Any CPU
		{D04AFA70-4A59-4E1C-AC41-BA0EA70140FF}.Debug|Any CPU.Build.0 = Debug|Any CPU
		{D04AFA70-4A59-4E1C-AC41-BA0EA70140FF}.Release|Any CPU.ActiveCfg = Release|Any CPU
		{D04AFA70-4A59-4E1C-AC41-BA0EA70140FF}.Release|Any CPU.Build.0 = Release|Any CPU
	EndGlobalSection
	GlobalSection(SolutionProperties) = preSolution
		HideSolutionNode = FALSE
	EndGlobalSection
	GlobalSection(NestedProjects) = preSolution
		{DE36F8D0-7895-4ABD-9755-921F1BEAD3C9} = {1F33D53A-C007-408C-AF6C-B7D62288F941}
		{1746A3E0-32A2-49A7-9C8A-A0BCB52683B0} = {1F33D53A-C007-408C-AF6C-B7D62288F941}
		{A5B31ACC-56FB-4EC2-917F-BEB3754EF9AC} = {1F33D53A-C007-408C-AF6C-B7D62288F941}
		{290FED0C-D7C8-486F-AACF-3D7A1304C863} = {1F33D53A-C007-408C-AF6C-B7D62288F941}
		{750148EC-6A05-421D-96A4-E5AC9D18AF58} = {1F33D53A-C007-408C-AF6C-B7D62288F941}
		{660DBCC8-F7F2-4301-A611-A2F2C97E369D} = {8C038DD5-FB03-4E6D-B8F2-D66AE2E6DCC9}
		{E399369F-268F-4411-84CD-B868F9FE52EF} = {8C038DD5-FB03-4E6D-B8F2-D66AE2E6DCC9}
		{0203D290-11AA-48DB-B1E6-156DFDCEEF80} = {8C038DD5-FB03-4E6D-B8F2-D66AE2E6DCC9}
	EndGlobalSection
	GlobalSection(ExtensibilityGlobals) = postSolution
		SolutionGuid = {34E4FA16-B344-439D-A789-1E8355E5659F}
	EndGlobalSection
EndGlobal
