
Microsoft Visual Studio Solution File, Format Version 12.00
# Visual Studio 2013
VisualStudioVersion = 12.0.21005.1
MinimumVisualStudioVersion = 10.0.40219.1
Project("{F2A71F9B-5D33-465A-A702-920D77279786}") = "FSharp.Data.Portable47", "src\FSharp.Data.Portable47.fsproj", "{993A6EEF-6E82-4964-8F91-BE72CC63D000}"
EndProject
Project("{F2A71F9B-5D33-465A-A702-920D77279786}") = "FSharp.Data.Experimental.Portable47", "src\FSharp.Data.Experimental.Portable47.fsproj", "{B80449D9-77F9-4C10-BA90-BBEE3B0D088D}"
EndProject
Global
	GlobalSection(SolutionConfigurationPlatforms) = preSolution
		Debug|Any CPU = Debug|Any CPU
		Release|Any CPU = Release|Any CPU
	EndGlobalSection
	GlobalSection(ProjectConfigurationPlatforms) = postSolution
		{993A6EEF-6E82-4964-8F91-BE72CC63D000}.Debug|Any CPU.ActiveCfg = Debug|Any CPU
		{993A6EEF-6E82-4964-8F91-BE72CC63D000}.Debug|Any CPU.Build.0 = Debug|Any CPU
		{993A6EEF-6E82-4964-8F91-BE72CC63D000}.Release|Any CPU.ActiveCfg = Release|Any CPU
		{993A6EEF-6E82-4964-8F91-BE72CC63D000}.Release|Any CPU.Build.0 = Release|Any CPU
		{B80449D9-77F9-4C10-BA90-BBEE3B0D088D}.Debug|Any CPU.ActiveCfg = Debug|Any CPU
		{B80449D9-77F9-4C10-BA90-BBEE3B0D088D}.Debug|Any CPU.Build.0 = Debug|Any CPU
		{B80449D9-77F9-4C10-BA90-BBEE3B0D088D}.Release|Any CPU.ActiveCfg = Release|Any CPU
		{B80449D9-77F9-4C10-BA90-BBEE3B0D088D}.Release|Any CPU.Build.0 = Release|Any CPU
	EndGlobalSection
	GlobalSection(SolutionProperties) = preSolution
		HideSolutionNode = FALSE
	EndGlobalSection
EndGlobal
