
Microsoft Visual Studio Solution File, Format Version 12.00
# Visual Studio 2012
Project("{2150E333-8FDC-42A3-9474-1A3956D46DE8}") = "Samples", "Samples", "{7E48C05A-8C42-4871-A618-180BEEF696AA}"
	ProjectSection(SolutionItems) = preProject
		samples\contributing.md = samples\contributing.md
		samples\experimental.md = samples\experimental.md
		samples\fsharpdata.md = samples\fsharpdata.md
		samples\index.md = samples\index.md
	EndProjectSection
EndProject
Project("{F2A71F9B-5D33-465A-A702-920D77279786}") = "FSharp.Data.Tests", "tests\FSharp.Data.Tests\FSharp.Data.Tests.fsproj", "{5EF9FF95-1C75-458A-983A-168E43945913}"
EndProject
Project("{2150E333-8FDC-42A3-9474-1A3956D46DE8}") = "Documents", "Documents", "{78CB4667-C0B2-487E-8D48-84FFD8DBF9AA}"
	ProjectSection(SolutionItems) = preProject
		samples\docs\AirQuality.csv = samples\docs\AirQuality.csv
		samples\docs\MSFT.csv = samples\docs\MSFT.csv
		samples\docs\SmallTest.csv = samples\docs\SmallTest.csv
		samples\docs\Titanic.csv = samples\docs\Titanic.csv
		samples\docs\TwitterStream.json = samples\docs\TwitterStream.json
		samples\docs\WorldBank.json = samples\docs\WorldBank.json
		samples\docs\Writers.xml = samples\docs\Writers.xml
	EndProjectSection
EndProject
Project("{2150E333-8FDC-42A3-9474-1A3956D46DE8}") = "Tools", "Tools", "{EF9F7922-4570-4D6D-8034-C3582756239B}"
	ProjectSection(SolutionItems) = preProject
		tools\build.fsx = tools\build.fsx
		tools\template.html = tools\template.html
	EndProjectSection
EndProject
Project("{F2A71F9B-5D33-465A-A702-920D77279786}") = "FSharp.Data.Tests.DesignTime", "tests\FSharp.Data.Tests.DesignTime\FSharp.Data.Tests.DesignTime.fsproj", "{3BDCF70A-8366-42CB-AD84-2F8AD03C99D8}"
EndProject
Project("{F2A71F9B-5D33-465A-A702-920D77279786}") = "FSharp.Data.Tests.Documentation", "tests\FSharp.Data.Tests.Documentation\FSharp.Data.Tests.Documentation.fsproj", "{79F004B4-093B-49C8-B7BF-7B3EF7CC829E}"
EndProject
Project("{F2A71F9B-5D33-465A-A702-920D77279786}") = "FSharp.Data.Tests.Experimental.DesignTime", "tests\FSharp.Data.Tests.Experimental.DesignTime\FSharp.Data.Tests.Experimental.DesignTime.fsproj", "{D88C5D12-A7BD-4BED-A4CE-127D825EB9C7}"
EndProject
Project("{2150E333-8FDC-42A3-9474-1A3956D46DE8}") = "Library", "Library", "{5F82EB06-4E8B-4733-A0C7-F210925DDD04}"
	ProjectSection(SolutionItems) = preProject
		samples\library\CsvFile.fsx = samples\library\CsvFile.fsx
		samples\library\CsvProvider.fsx = samples\library\CsvProvider.fsx
		samples\library\Freebase.fsx = samples\library\Freebase.fsx
		samples\library\Http.fsx = samples\library\Http.fsx
		samples\library\JsonProvider.fsx = samples\library\JsonProvider.fsx
		samples\library\JsonValue.fsx = samples\library\JsonValue.fsx
		samples\library\WorldBank.fsx = samples\library\WorldBank.fsx
		samples\library\XmlProvider.fsx = samples\library\XmlProvider.fsx
	EndProjectSection
EndProject
Project("{2150E333-8FDC-42A3-9474-1A3956D46DE8}") = "Tutorials", "Tutorials", "{D90D3EC4-8C1E-48B1-988A-95217B2BBDB8}"
	ProjectSection(SolutionItems) = preProject
		samples\tutorials\JsonToXml.fsx = samples\tutorials\JsonToXml.fsx
	EndProjectSection
EndProject
Project("{2150E333-8FDC-42A3-9474-1A3956D46DE8}") = "Experimental", "Experimental", "{34171948-6CCE-448B-AA7D-A76FCE32A08E}"
	ProjectSection(SolutionItems) = preProject
		samples\experimental\ApiaryProvider.fsx = samples\experimental\ApiaryProvider.fsx
	EndProjectSection
EndProject
Global
	GlobalSection(SolutionConfigurationPlatforms) = preSolution
		Debug|Any CPU = Debug|Any CPU
		Debug|ARM = Debug|ARM
		Debug|x64 = Debug|x64
		Debug|x86 = Debug|x86
		Release|Any CPU = Release|Any CPU
		Release|ARM = Release|ARM
		Release|x64 = Release|x64
		Release|x86 = Release|x86
	EndGlobalSection
	GlobalSection(ProjectConfigurationPlatforms) = postSolution
		{5EF9FF95-1C75-458A-983A-168E43945913}.Debug|Any CPU.ActiveCfg = Debug|Any CPU
		{5EF9FF95-1C75-458A-983A-168E43945913}.Debug|Any CPU.Build.0 = Debug|Any CPU
		{5EF9FF95-1C75-458A-983A-168E43945913}.Debug|ARM.ActiveCfg = Debug|Any CPU
		{5EF9FF95-1C75-458A-983A-168E43945913}.Debug|x64.ActiveCfg = Debug|Any CPU
		{5EF9FF95-1C75-458A-983A-168E43945913}.Debug|x86.ActiveCfg = Debug|Any CPU
		{5EF9FF95-1C75-458A-983A-168E43945913}.Release|Any CPU.ActiveCfg = Release|Any CPU
		{5EF9FF95-1C75-458A-983A-168E43945913}.Release|Any CPU.Build.0 = Release|Any CPU
		{5EF9FF95-1C75-458A-983A-168E43945913}.Release|ARM.ActiveCfg = Release|Any CPU
		{5EF9FF95-1C75-458A-983A-168E43945913}.Release|x64.ActiveCfg = Release|Any CPU
		{5EF9FF95-1C75-458A-983A-168E43945913}.Release|x86.ActiveCfg = Release|Any CPU
		{3BDCF70A-8366-42CB-AD84-2F8AD03C99D8}.Debug|Any CPU.ActiveCfg = Debug|Any CPU
		{3BDCF70A-8366-42CB-AD84-2F8AD03C99D8}.Debug|Any CPU.Build.0 = Debug|Any CPU
		{3BDCF70A-8366-42CB-AD84-2F8AD03C99D8}.Debug|ARM.ActiveCfg = Debug|Any CPU
		{3BDCF70A-8366-42CB-AD84-2F8AD03C99D8}.Debug|x64.ActiveCfg = Debug|Any CPU
		{3BDCF70A-8366-42CB-AD84-2F8AD03C99D8}.Debug|x86.ActiveCfg = Debug|Any CPU
		{3BDCF70A-8366-42CB-AD84-2F8AD03C99D8}.Release|Any CPU.ActiveCfg = Release|Any CPU
		{3BDCF70A-8366-42CB-AD84-2F8AD03C99D8}.Release|Any CPU.Build.0 = Release|Any CPU
		{3BDCF70A-8366-42CB-AD84-2F8AD03C99D8}.Release|ARM.ActiveCfg = Release|Any CPU
		{3BDCF70A-8366-42CB-AD84-2F8AD03C99D8}.Release|x64.ActiveCfg = Release|Any CPU
		{3BDCF70A-8366-42CB-AD84-2F8AD03C99D8}.Release|x86.ActiveCfg = Release|Any CPU
		{79F004B4-093B-49C8-B7BF-7B3EF7CC829E}.Debug|Any CPU.ActiveCfg = Debug|Any CPU
		{79F004B4-093B-49C8-B7BF-7B3EF7CC829E}.Debug|Any CPU.Build.0 = Debug|Any CPU
		{79F004B4-093B-49C8-B7BF-7B3EF7CC829E}.Debug|ARM.ActiveCfg = Debug|Any CPU
		{79F004B4-093B-49C8-B7BF-7B3EF7CC829E}.Debug|x64.ActiveCfg = Debug|Any CPU
		{79F004B4-093B-49C8-B7BF-7B3EF7CC829E}.Debug|x86.ActiveCfg = Debug|Any CPU
		{79F004B4-093B-49C8-B7BF-7B3EF7CC829E}.Release|Any CPU.ActiveCfg = Release|Any CPU
		{79F004B4-093B-49C8-B7BF-7B3EF7CC829E}.Release|Any CPU.Build.0 = Release|Any CPU
		{79F004B4-093B-49C8-B7BF-7B3EF7CC829E}.Release|ARM.ActiveCfg = Release|Any CPU
		{79F004B4-093B-49C8-B7BF-7B3EF7CC829E}.Release|x64.ActiveCfg = Release|Any CPU
		{79F004B4-093B-49C8-B7BF-7B3EF7CC829E}.Release|x86.ActiveCfg = Release|Any CPU
		{D88C5D12-A7BD-4BED-A4CE-127D825EB9C7}.Debug|Any CPU.ActiveCfg = Debug|Any CPU
		{D88C5D12-A7BD-4BED-A4CE-127D825EB9C7}.Debug|Any CPU.Build.0 = Debug|Any CPU
		{D88C5D12-A7BD-4BED-A4CE-127D825EB9C7}.Debug|ARM.ActiveCfg = Debug|Any CPU
		{D88C5D12-A7BD-4BED-A4CE-127D825EB9C7}.Debug|x64.ActiveCfg = Debug|Any CPU
		{D88C5D12-A7BD-4BED-A4CE-127D825EB9C7}.Debug|x86.ActiveCfg = Debug|Any CPU
		{D88C5D12-A7BD-4BED-A4CE-127D825EB9C7}.Release|Any CPU.ActiveCfg = Release|Any CPU
		{D88C5D12-A7BD-4BED-A4CE-127D825EB9C7}.Release|Any CPU.Build.0 = Release|Any CPU
		{D88C5D12-A7BD-4BED-A4CE-127D825EB9C7}.Release|ARM.ActiveCfg = Release|Any CPU
		{D88C5D12-A7BD-4BED-A4CE-127D825EB9C7}.Release|x64.ActiveCfg = Release|Any CPU
		{D88C5D12-A7BD-4BED-A4CE-127D825EB9C7}.Release|x86.ActiveCfg = Release|Any CPU
	EndGlobalSection
	GlobalSection(SolutionProperties) = preSolution
		HideSolutionNode = FALSE
	EndGlobalSection
	GlobalSection(NestedProjects) = preSolution
		{78CB4667-C0B2-487E-8D48-84FFD8DBF9AA} = {7E48C05A-8C42-4871-A618-180BEEF696AA}
		{5F82EB06-4E8B-4733-A0C7-F210925DDD04} = {7E48C05A-8C42-4871-A618-180BEEF696AA}
		{D90D3EC4-8C1E-48B1-988A-95217B2BBDB8} = {7E48C05A-8C42-4871-A618-180BEEF696AA}
		{34171948-6CCE-448B-AA7D-A76FCE32A08E} = {7E48C05A-8C42-4871-A618-180BEEF696AA}
	EndGlobalSection
EndGlobal
