
Microsoft Visual Studio Solution File, Format Version 12.00
# Visual Studio 2012
Project("{F2A71F9B-5D33-465A-A702-920D77279786}") = "PortableLibrary", "demos\PortableLibrary\PortableLibrary.fsproj", "{16A25DCF-99B5-4B95-B4AC-A32ADE9C62A7}"
EndProject
Project("{FAE04EC0-301F-11D3-BF4B-00C04F79EFBC}") = "WindowsStoreApp", "demos\WindowsStoreApp\WindowsStoreApp.csproj", "{CD7918DF-5F3E-4FE0-99DF-603EF831AD23}"
EndProject
Project("{FAE04EC0-301F-11D3-BF4B-00C04F79EFBC}") = "WindowsPhone71App", "demos\WindowsPhone71App\WindowsPhone71App.csproj", "{748ADFB4-5F4A-4FAB-83D6-F4D42D46991C}"
EndProject
Project("{FAE04EC0-301F-11D3-BF4B-00C04F79EFBC}") = "WindowsPhone8App", "demos\WindowsPhone8App\WindowsPhone8App.csproj", "{02EA00AE-7D60-470A-8CA1-46BA2E582F0D}"
EndProject
Project("{FAE04EC0-301F-11D3-BF4B-00C04F79EFBC}") = "Silverlight5App", "demos\Silverlight5App\Silverlight5App.csproj", "{9354DA1F-42E1-4909-AA5B-8B9EC33DBAD7}"
EndProject
Project("{FAE04EC0-301F-11D3-BF4B-00C04F79EFBC}") = "Silverlight5App.Web", "demos\Silverlight5App.Web\Silverlight5App.Web.csproj", "{1C1913D6-6B24-470E-8EDA-0477660F9EE6}"
EndProject
Project("{F2A71F9B-5D33-465A-A702-920D77279786}") = "Silverlight5Library", "demos\Silverlight5Library\Silverlight5Library.fsproj", "{617FAFF4-E691-4D49-9B9B-6943967160FC}"
EndProject
Global
	GlobalSection(SolutionConfigurationPlatforms) = preSolution
		Debug|Any CPU = Debug|Any CPU
		Debug|ARM = Debug|ARM
		Debug|x64 = Debug|x64
		Debug|x86 = Debug|x86
		Release|Any CPU = Release|Any CPU
		Release|ARM = Release|ARM
		Release|x64 = Release|x64
		Release|x86 = Release|x86
	EndGlobalSection
	GlobalSection(ProjectConfigurationPlatforms) = postSolution
		{16A25DCF-99B5-4B95-B4AC-A32ADE9C62A7}.Debug|Any CPU.ActiveCfg = Debug|Any CPU
		{16A25DCF-99B5-4B95-B4AC-A32ADE9C62A7}.Debug|Any CPU.Build.0 = Debug|Any CPU
		{16A25DCF-99B5-4B95-B4AC-A32ADE9C62A7}.Debug|ARM.ActiveCfg = Debug|Any CPU
		{16A25DCF-99B5-4B95-B4AC-A32ADE9C62A7}.Debug|x64.ActiveCfg = Debug|Any CPU
		{16A25DCF-99B5-4B95-B4AC-A32ADE9C62A7}.Debug|x86.ActiveCfg = Debug|Any CPU
		{16A25DCF-99B5-4B95-B4AC-A32ADE9C62A7}.Release|Any CPU.ActiveCfg = Release|Any CPU
		{16A25DCF-99B5-4B95-B4AC-A32ADE9C62A7}.Release|Any CPU.Build.0 = Release|Any CPU
		{16A25DCF-99B5-4B95-B4AC-A32ADE9C62A7}.Release|ARM.ActiveCfg = Release|Any CPU
		{16A25DCF-99B5-4B95-B4AC-A32ADE9C62A7}.Release|x64.ActiveCfg = Release|Any CPU
		{16A25DCF-99B5-4B95-B4AC-A32ADE9C62A7}.Release|x86.ActiveCfg = Release|Any CPU
		{CD7918DF-5F3E-4FE0-99DF-603EF831AD23}.Debug|Any CPU.ActiveCfg = Debug|Any CPU
		{CD7918DF-5F3E-4FE0-99DF-603EF831AD23}.Debug|Any CPU.Build.0 = Debug|Any CPU
		{CD7918DF-5F3E-4FE0-99DF-603EF831AD23}.Debug|Any CPU.Deploy.0 = Debug|Any CPU
		{CD7918DF-5F3E-4FE0-99DF-603EF831AD23}.Debug|ARM.ActiveCfg = Debug|ARM
		{CD7918DF-5F3E-4FE0-99DF-603EF831AD23}.Debug|ARM.Build.0 = Debug|ARM
		{CD7918DF-5F3E-4FE0-99DF-603EF831AD23}.Debug|ARM.Deploy.0 = Debug|ARM
		{CD7918DF-5F3E-4FE0-99DF-603EF831AD23}.Debug|x64.ActiveCfg = Debug|x64
		{CD7918DF-5F3E-4FE0-99DF-603EF831AD23}.Debug|x64.Build.0 = Debug|x64
		{CD7918DF-5F3E-4FE0-99DF-603EF831AD23}.Debug|x64.Deploy.0 = Debug|x64
		{CD7918DF-5F3E-4FE0-99DF-603EF831AD23}.Debug|x86.ActiveCfg = Debug|x86
		{CD7918DF-5F3E-4FE0-99DF-603EF831AD23}.Debug|x86.Build.0 = Debug|x86
		{CD7918DF-5F3E-4FE0-99DF-603EF831AD23}.Debug|x86.Deploy.0 = Debug|x86
		{CD7918DF-5F3E-4FE0-99DF-603EF831AD23}.Release|Any CPU.ActiveCfg = Release|Any CPU
		{CD7918DF-5F3E-4FE0-99DF-603EF831AD23}.Release|Any CPU.Build.0 = Release|Any CPU
		{CD7918DF-5F3E-4FE0-99DF-603EF831AD23}.Release|Any CPU.Deploy.0 = Release|Any CPU
		{CD7918DF-5F3E-4FE0-99DF-603EF831AD23}.Release|ARM.ActiveCfg = Release|ARM
		{CD7918DF-5F3E-4FE0-99DF-603EF831AD23}.Release|ARM.Build.0 = Release|ARM
		{CD7918DF-5F3E-4FE0-99DF-603EF831AD23}.Release|ARM.Deploy.0 = Release|ARM
		{CD7918DF-5F3E-4FE0-99DF-603EF831AD23}.Release|x64.ActiveCfg = Release|x64
		{CD7918DF-5F3E-4FE0-99DF-603EF831AD23}.Release|x64.Build.0 = Release|x64
		{CD7918DF-5F3E-4FE0-99DF-603EF831AD23}.Release|x64.Deploy.0 = Release|x64
		{CD7918DF-5F3E-4FE0-99DF-603EF831AD23}.Release|x86.ActiveCfg = Release|x86
		{CD7918DF-5F3E-4FE0-99DF-603EF831AD23}.Release|x86.Build.0 = Release|x86
		{CD7918DF-5F3E-4FE0-99DF-603EF831AD23}.Release|x86.Deploy.0 = Release|x86
		{748ADFB4-5F4A-4FAB-83D6-F4D42D46991C}.Debug|Any CPU.ActiveCfg = Debug|Any CPU
		{748ADFB4-5F4A-4FAB-83D6-F4D42D46991C}.Debug|Any CPU.Build.0 = Debug|Any CPU
		{748ADFB4-5F4A-4FAB-83D6-F4D42D46991C}.Debug|Any CPU.Deploy.0 = Debug|Any CPU
		{748ADFB4-5F4A-4FAB-83D6-F4D42D46991C}.Debug|ARM.ActiveCfg = Debug|Any CPU
		{748ADFB4-5F4A-4FAB-83D6-F4D42D46991C}.Debug|x64.ActiveCfg = Debug|Any CPU
		{748ADFB4-5F4A-4FAB-83D6-F4D42D46991C}.Debug|x86.ActiveCfg = Debug|Any CPU
		{748ADFB4-5F4A-4FAB-83D6-F4D42D46991C}.Release|Any CPU.ActiveCfg = Release|Any CPU
		{748ADFB4-5F4A-4FAB-83D6-F4D42D46991C}.Release|Any CPU.Build.0 = Release|Any CPU
		{748ADFB4-5F4A-4FAB-83D6-F4D42D46991C}.Release|Any CPU.Deploy.0 = Release|Any CPU
		{748ADFB4-5F4A-4FAB-83D6-F4D42D46991C}.Release|ARM.ActiveCfg = Release|Any CPU
		{748ADFB4-5F4A-4FAB-83D6-F4D42D46991C}.Release|x64.ActiveCfg = Release|Any CPU
		{748ADFB4-5F4A-4FAB-83D6-F4D42D46991C}.Release|x86.ActiveCfg = Release|Any CPU
		{02EA00AE-7D60-470A-8CA1-46BA2E582F0D}.Debug|Any CPU.ActiveCfg = Debug|Any CPU
		{02EA00AE-7D60-470A-8CA1-46BA2E582F0D}.Debug|Any CPU.Build.0 = Debug|Any CPU
		{02EA00AE-7D60-470A-8CA1-46BA2E582F0D}.Debug|Any CPU.Deploy.0 = Debug|Any CPU
		{02EA00AE-7D60-470A-8CA1-46BA2E582F0D}.Debug|ARM.ActiveCfg = Debug|ARM
		{02EA00AE-7D60-470A-8CA1-46BA2E582F0D}.Debug|ARM.Build.0 = Debug|ARM
		{02EA00AE-7D60-470A-8CA1-46BA2E582F0D}.Debug|ARM.Deploy.0 = Debug|ARM
		{02EA00AE-7D60-470A-8CA1-46BA2E582F0D}.Debug|x64.ActiveCfg = Debug|Any CPU
		{02EA00AE-7D60-470A-8CA1-46BA2E582F0D}.Debug|x86.ActiveCfg = Debug|x86
		{02EA00AE-7D60-470A-8CA1-46BA2E582F0D}.Debug|x86.Build.0 = Debug|x86
		{02EA00AE-7D60-470A-8CA1-46BA2E582F0D}.Debug|x86.Deploy.0 = Debug|x86
		{02EA00AE-7D60-470A-8CA1-46BA2E582F0D}.Release|Any CPU.ActiveCfg = Release|Any CPU
		{02EA00AE-7D60-470A-8CA1-46BA2E582F0D}.Release|Any CPU.Build.0 = Release|Any CPU
		{02EA00AE-7D60-470A-8CA1-46BA2E582F0D}.Release|Any CPU.Deploy.0 = Release|Any CPU
		{02EA00AE-7D60-470A-8CA1-46BA2E582F0D}.Release|ARM.ActiveCfg = Release|ARM
		{02EA00AE-7D60-470A-8CA1-46BA2E582F0D}.Release|ARM.Build.0 = Release|ARM
		{02EA00AE-7D60-470A-8CA1-46BA2E582F0D}.Release|ARM.Deploy.0 = Release|ARM
		{02EA00AE-7D60-470A-8CA1-46BA2E582F0D}.Release|x64.ActiveCfg = Release|Any CPU
		{02EA00AE-7D60-470A-8CA1-46BA2E582F0D}.Release|x86.ActiveCfg = Release|x86
		{02EA00AE-7D60-470A-8CA1-46BA2E582F0D}.Release|x86.Build.0 = Release|x86
		{02EA00AE-7D60-470A-8CA1-46BA2E582F0D}.Release|x86.Deploy.0 = Release|x86
		{9354DA1F-42E1-4909-AA5B-8B9EC33DBAD7}.Debug|Any CPU.ActiveCfg = Debug|Any CPU
		{9354DA1F-42E1-4909-AA5B-8B9EC33DBAD7}.Debug|Any CPU.Build.0 = Debug|Any CPU
		{9354DA1F-42E1-4909-AA5B-8B9EC33DBAD7}.Debug|ARM.ActiveCfg = Debug|Any CPU
		{9354DA1F-42E1-4909-AA5B-8B9EC33DBAD7}.Debug|x64.ActiveCfg = Debug|Any CPU
		{9354DA1F-42E1-4909-AA5B-8B9EC33DBAD7}.Debug|x86.ActiveCfg = Debug|Any CPU
		{9354DA1F-42E1-4909-AA5B-8B9EC33DBAD7}.Release|Any CPU.ActiveCfg = Release|Any CPU
		{9354DA1F-42E1-4909-AA5B-8B9EC33DBAD7}.Release|Any CPU.Build.0 = Release|Any CPU
		{9354DA1F-42E1-4909-AA5B-8B9EC33DBAD7}.Release|ARM.ActiveCfg = Release|Any CPU
		{9354DA1F-42E1-4909-AA5B-8B9EC33DBAD7}.Release|x64.ActiveCfg = Release|Any CPU
		{9354DA1F-42E1-4909-AA5B-8B9EC33DBAD7}.Release|x86.ActiveCfg = Release|Any CPU
		{1C1913D6-6B24-470E-8EDA-0477660F9EE6}.Debug|Any CPU.ActiveCfg = Debug|Any CPU
		{1C1913D6-6B24-470E-8EDA-0477660F9EE6}.Debug|Any CPU.Build.0 = Debug|Any CPU
		{1C1913D6-6B24-470E-8EDA-0477660F9EE6}.Debug|ARM.ActiveCfg = Debug|Any CPU
		{1C1913D6-6B24-470E-8EDA-0477660F9EE6}.Debug|x64.ActiveCfg = Debug|Any CPU
		{1C1913D6-6B24-470E-8EDA-0477660F9EE6}.Debug|x86.ActiveCfg = Debug|Any CPU
		{1C1913D6-6B24-470E-8EDA-0477660F9EE6}.Release|Any CPU.ActiveCfg = Release|Any CPU
		{1C1913D6-6B24-470E-8EDA-0477660F9EE6}.Release|Any CPU.Build.0 = Release|Any CPU
		{1C1913D6-6B24-470E-8EDA-0477660F9EE6}.Release|ARM.ActiveCfg = Release|Any CPU
		{1C1913D6-6B24-470E-8EDA-0477660F9EE6}.Release|x64.ActiveCfg = Release|Any CPU
		{1C1913D6-6B24-470E-8EDA-0477660F9EE6}.Release|x86.ActiveCfg = Release|Any CPU
		{617FAFF4-E691-4D49-9B9B-6943967160FC}.Debug|Any CPU.ActiveCfg = Debug|Any CPU
		{617FAFF4-E691-4D49-9B9B-6943967160FC}.Debug|Any CPU.Build.0 = Debug|Any CPU
		{617FAFF4-E691-4D49-9B9B-6943967160FC}.Debug|ARM.ActiveCfg = Debug|Any CPU
		{617FAFF4-E691-4D49-9B9B-6943967160FC}.Debug|x64.ActiveCfg = Debug|Any CPU
		{617FAFF4-E691-4D49-9B9B-6943967160FC}.Debug|x86.ActiveCfg = Debug|Any CPU
		{617FAFF4-E691-4D49-9B9B-6943967160FC}.Release|Any CPU.ActiveCfg = Release|Any CPU
		{617FAFF4-E691-4D49-9B9B-6943967160FC}.Release|Any CPU.Build.0 = Release|Any CPU
		{617FAFF4-E691-4D49-9B9B-6943967160FC}.Release|ARM.ActiveCfg = Release|Any CPU
		{617FAFF4-E691-4D49-9B9B-6943967160FC}.Release|x64.ActiveCfg = Release|Any CPU
		{617FAFF4-E691-4D49-9B9B-6943967160FC}.Release|x86.ActiveCfg = Release|Any CPU
	EndGlobalSection
	GlobalSection(SolutionProperties) = preSolution
		HideSolutionNode = FALSE
	EndGlobalSection
EndGlobal
