
Microsoft Visual Studio Solution File, Format Version 12.00
# Visual Studio 15
VisualStudioVersion = 15.0.26730.16
MinimumVisualStudioVersion = 10.0.40219.1
Project("{F2A71F9B-5D33-465A-A702-920D77279786}") = "Library_4310", "tests\TestApps\Library_4310\Library_4310.fsproj", "{9BDBCF58-5CA9-4FF6-B369-AF65C2241D1A}"
EndProject
Project("{F2A71F9B-5D33-465A-A702-920D77279786}") = "ConsoleApp_4310_Library_4310", "tests\TestApps\ConsoleApp_4310_Library_4310\ConsoleApp_4310_Library_4310.fsproj", "{C7E877E6-892C-4703-B08A-D8979124257D}"
EndProject
Project("{F2A71F9B-5D33-465A-A702-920D77279786}") = "ConsoleApp_4310_PCL7_3310", "tests\TestApps\ConsoleApp_4310_PCL7_3310\ConsoleApp_4310_PCL7_3310.fsproj", "{D96A5016-BB2D-408F-8C53-F65024B04BFB}"
EndProject
Project("{F2A71F9B-5D33-465A-A702-920D77279786}") = "PCL7_3310", "tests\TestApps\PCL7_3310\PCL7_3310.fsproj", "{1B9B6630-F731-4F5F-AE8C-3972E7B32ED9}"
EndProject
Project("{F2A71F9B-5D33-465A-A702-920D77279786}") = "PCL259_325931", "tests\TestApps\PCL259_325931\PCL259_325931.fsproj", "{D82BF26C-188A-4EE0-92F0-8F4CCCBB2F2A}"
EndProject
Project("{F2A71F9B-5D33-465A-A702-920D77279786}") = "ConsoleApp_4310_PCL259_325931", "tests\TestApps\ConsoleApp_4310_PCL259_325931\ConsoleApp_4310_PCL259_325931.fsproj", "{BBB1F100-2A57-483F-8607-33677E2BE549}"
	ProjectSection(ProjectDependencies) = postProject
		{D82BF26C-188A-4EE0-92F0-8F4CCCBB2F2A} = {D82BF26C-188A-4EE0-92F0-8F4CCCBB2F2A}
	EndProjectSection
EndProject
Global
	GlobalSection(SolutionConfigurationPlatforms) = preSolution
		Debug|Any CPU = Debug|Any CPU
		Release|Any CPU = Release|Any CPU
	EndGlobalSection
	GlobalSection(ProjectConfigurationPlatforms) = postSolution
		{9BDBCF58-5CA9-4FF6-B369-AF65C2241D1A}.Debug|Any CPU.ActiveCfg = Debug|Any CPU
		{9BDBCF58-5CA9-4FF6-B369-AF65C2241D1A}.Debug|Any CPU.Build.0 = Debug|Any CPU
		{9BDBCF58-5CA9-4FF6-B369-AF65C2241D1A}.Release|Any CPU.ActiveCfg = Release|Any CPU
		{9BDBCF58-5CA9-4FF6-B369-AF65C2241D1A}.Release|Any CPU.Build.0 = Release|Any CPU
		{C7E877E6-892C-4703-B08A-D8979124257D}.Debug|Any CPU.ActiveCfg = Debug|Any CPU
		{C7E877E6-892C-4703-B08A-D8979124257D}.Debug|Any CPU.Build.0 = Debug|Any CPU
		{C7E877E6-892C-4703-B08A-D8979124257D}.Release|Any CPU.ActiveCfg = Release|Any CPU
		{C7E877E6-892C-4703-B08A-D8979124257D}.Release|Any CPU.Build.0 = Release|Any CPU
		{D96A5016-BB2D-408F-8C53-F65024B04BFB}.Debug|Any CPU.ActiveCfg = Debug|Any CPU
		{D96A5016-BB2D-408F-8C53-F65024B04BFB}.Debug|Any CPU.Build.0 = Debug|Any CPU
		{D96A5016-BB2D-408F-8C53-F65024B04BFB}.Release|Any CPU.ActiveCfg = Release|Any CPU
		{D96A5016-BB2D-408F-8C53-F65024B04BFB}.Release|Any CPU.Build.0 = Release|Any CPU
		{1B9B6630-F731-4F5F-AE8C-3972E7B32ED9}.Debug|Any CPU.ActiveCfg = Debug|Any CPU
		{1B9B6630-F731-4F5F-AE8C-3972E7B32ED9}.Debug|Any CPU.Build.0 = Debug|Any CPU
		{1B9B6630-F731-4F5F-AE8C-3972E7B32ED9}.Release|Any CPU.ActiveCfg = Release|Any CPU
		{1B9B6630-F731-4F5F-AE8C-3972E7B32ED9}.Release|Any CPU.Build.0 = Release|Any CPU
		{D82BF26C-188A-4EE0-92F0-8F4CCCBB2F2A}.Debug|Any CPU.ActiveCfg = Debug|Any CPU
		{D82BF26C-188A-4EE0-92F0-8F4CCCBB2F2A}.Debug|Any CPU.Build.0 = Debug|Any CPU
		{D82BF26C-188A-4EE0-92F0-8F4CCCBB2F2A}.Release|Any CPU.ActiveCfg = Release|Any CPU
		{D82BF26C-188A-4EE0-92F0-8F4CCCBB2F2A}.Release|Any CPU.Build.0 = Release|Any CPU
		{BBB1F100-2A57-483F-8607-33677E2BE549}.Debug|Any CPU.ActiveCfg = Debug|Any CPU
		{BBB1F100-2A57-483F-8607-33677E2BE549}.Debug|Any CPU.Build.0 = Debug|Any CPU
		{BBB1F100-2A57-483F-8607-33677E2BE549}.Release|Any CPU.ActiveCfg = Release|Any CPU
		{BBB1F100-2A57-483F-8607-33677E2BE549}.Release|Any CPU.Build.0 = Release|Any CPU
	EndGlobalSection
	GlobalSection(SolutionProperties) = preSolution
		HideSolutionNode = FALSE
	EndGlobalSection
	GlobalSection(ExtensibilityGlobals) = postSolution
		SolutionGuid = {1AC893D3-1101-453F-A141-C44759165134}
	EndGlobalSection
EndGlobal
