
Microsoft Visual Studio Solution File, Format Version 12.00
# Visual Studio 2013
VisualStudioVersion = 12.0.30324.0
MinimumVisualStudioVersion = 10.0.40219.1
Project("{F2A71F9B-5D33-465A-A702-920D77279786}") = "PCL7_3310", "tests\TestApps\PCL7_3310\PCL7_3310.fsproj", "{1B9B6630-F731-4F5F-AE8C-3972E7B32ED9}"
EndProject
Project("{F2A71F9B-5D33-465A-A702-920D77279786}") = "ConsoleApp_4310_PCL7_3310", "tests\TestApps\ConsoleApp_4310_PCL7_3310\ConsoleApp_4310_PCL7_3310.fsproj", "{D96A5016-BB2D-408F-8C53-F65024B04BFB}"
EndProject
Global
	GlobalSection(SolutionConfigurationPlatforms) = preSolution
		Debug|Any CPU = Debug|Any CPU
		Release|Any CPU = Release|Any CPU
	EndGlobalSection
	GlobalSection(ProjectConfigurationPlatforms) = postSolution
		{1B9B6630-F731-4F5F-AE8C-3972E7B32ED9}.Debug|Any CPU.ActiveCfg = Debug|Any CPU
		{1B9B6630-F731-4F5F-AE8C-3972E7B32ED9}.Debug|Any CPU.Build.0 = Debug|Any CPU
		{1B9B6630-F731-4F5F-AE8C-3972E7B32ED9}.Release|Any CPU.ActiveCfg = Release|Any CPU
		{1B9B6630-F731-4F5F-AE8C-3972E7B32ED9}.Release|Any CPU.Build.0 = Release|Any CPU
		{D96A5016-BB2D-408F-8C53-F65024B04BFB}.Debug|Any CPU.ActiveCfg = Debug|Any CPU
		{D96A5016-BB2D-408F-8C53-F65024B04BFB}.Debug|Any CPU.Build.0 = Debug|Any CPU
		{D96A5016-BB2D-408F-8C53-F65024B04BFB}.Release|Any CPU.ActiveCfg = Release|Any CPU
		{D96A5016-BB2D-408F-8C53-F65024B04BFB}.Release|Any CPU.Build.0 = Release|Any CPU
	EndGlobalSection
	GlobalSection(SolutionProperties) = preSolution
		HideSolutionNode = FALSE
	EndGlobalSection
EndGlobal
