
Microsoft Visual Studio Solution File, Format Version 12.00
# Visual Studio 2013
VisualStudioVersion = 12.0.30110.0
MinimumVisualStudioVersion = 10.0.40219.1
Project("{F2A71F9B-5D33-465A-A702-920D77279786}") = "PCL47_2351", "tests\TestApps\PCL47_2351\PCL47_2351.fsproj", "{2A5BAB21-1F18-4924-862B-305B976DDD35}"
EndProject
Project("{F2A71F9B-5D33-465A-A702-920D77279786}") = "Library_4300", "tests\TestApps\Library_4300\Library_4300.fsproj", "{050EDB89-7444-4FAF-B5EB-59A3811D3F82}"
EndProject
Project("{F2A71F9B-5D33-465A-A702-920D77279786}") = "Library_4310", "tests\TestApps\Library_4310\Library_4310.fsproj", "{9BDBCF58-5CA9-4FF6-B369-AF65C2241D1A}"
EndProject
Project("{F2A71F9B-5D33-465A-A702-920D77279786}") = "PCL47_2350", "tests\TestApps\PCL47_2350\PCL47_2350.fsproj", "{B09FD722-D001-490C-ADBF-3F7CEF71217D}"
EndProject
Project("{F2A71F9B-5D33-465A-A702-920D77279786}") = "ConsoleApp_4300_Library_4300", "tests\TestApps\ConsoleApp_4300_Library_4300\ConsoleApp_4300_Library_4300.fsproj", "{DE498112-F113-4E04-B5C7-AD1DEB6C816C}"
EndProject
Project("{F2A71F9B-5D33-465A-A702-920D77279786}") = "ConsoleApp_4300_PCL47_2350", "tests\TestApps\ConsoleApp_4300_PCL47_2350\ConsoleApp_4300_PCL47_2350.fsproj", "{45E99DC1-4673-4B63-AAF7-A2B0DE5031C5}"
EndProject
Project("{F2A71F9B-5D33-465A-A702-920D77279786}") = "ConsoleApp_4310_Library_4300", "tests\TestApps\ConsoleApp_4310_Library_4300\ConsoleApp_4310_Library_4300.fsproj", "{59D9EEE9-0774-4498-98B9-DCA442D9FDC0}"
EndProject
Project("{F2A71F9B-5D33-465A-A702-920D77279786}") = "ConsoleApp_4310_Library_4310", "tests\TestApps\ConsoleApp_4310_Library_4310\ConsoleApp_4310_Library_4310.fsproj", "{C7E877E6-892C-4703-B08A-D8979124257D}"
EndProject
Project("{F2A71F9B-5D33-465A-A702-920D77279786}") = "ConsoleApp_4310_PCL47_2350", "tests\TestApps\ConsoleApp_4310_PCL47_2350\ConsoleApp_4310_PCL47_2350.fsproj", "{382F0A0B-2A29-4C95-8E2C-97A13DE6F39A}"
EndProject
Project("{F2A71F9B-5D33-465A-A702-920D77279786}") = "ConsoleApp_4310_PCL47_2351", "tests\TestApps\ConsoleApp_4310_PCL47_2351\ConsoleApp_4310_PCL47_2351.fsproj", "{2975D3CB-6DAF-46E5-877C-989DE2161CA1}"
EndProject
Global
	GlobalSection(SolutionConfigurationPlatforms) = preSolution
		Debug|Any CPU = Debug|Any CPU
		Release|Any CPU = Release|Any CPU
	EndGlobalSection
	GlobalSection(ProjectConfigurationPlatforms) = postSolution
		{2A5BAB21-1F18-4924-862B-305B976DDD35}.Debug|Any CPU.ActiveCfg = Debug|Any CPU
		{2A5BAB21-1F18-4924-862B-305B976DDD35}.Debug|Any CPU.Build.0 = Debug|Any CPU
		{2A5BAB21-1F18-4924-862B-305B976DDD35}.Release|Any CPU.ActiveCfg = Release|Any CPU
		{2A5BAB21-1F18-4924-862B-305B976DDD35}.Release|Any CPU.Build.0 = Release|Any CPU
		{050EDB89-7444-4FAF-B5EB-59A3811D3F82}.Debug|Any CPU.ActiveCfg = Debug|Any CPU
		{050EDB89-7444-4FAF-B5EB-59A3811D3F82}.Debug|Any CPU.Build.0 = Debug|Any CPU
		{050EDB89-7444-4FAF-B5EB-59A3811D3F82}.Release|Any CPU.ActiveCfg = Release|Any CPU
		{050EDB89-7444-4FAF-B5EB-59A3811D3F82}.Release|Any CPU.Build.0 = Release|Any CPU
		{9BDBCF58-5CA9-4FF6-B369-AF65C2241D1A}.Debug|Any CPU.ActiveCfg = Debug|Any CPU
		{9BDBCF58-5CA9-4FF6-B369-AF65C2241D1A}.Debug|Any CPU.Build.0 = Debug|Any CPU
		{9BDBCF58-5CA9-4FF6-B369-AF65C2241D1A}.Release|Any CPU.ActiveCfg = Release|Any CPU
		{9BDBCF58-5CA9-4FF6-B369-AF65C2241D1A}.Release|Any CPU.Build.0 = Release|Any CPU
		{B09FD722-D001-490C-ADBF-3F7CEF71217D}.Debug|Any CPU.ActiveCfg = Debug|Any CPU
		{B09FD722-D001-490C-ADBF-3F7CEF71217D}.Debug|Any CPU.Build.0 = Debug|Any CPU
		{B09FD722-D001-490C-ADBF-3F7CEF71217D}.Release|Any CPU.ActiveCfg = Release|Any CPU
		{B09FD722-D001-490C-ADBF-3F7CEF71217D}.Release|Any CPU.Build.0 = Release|Any CPU
		{DE498112-F113-4E04-B5C7-AD1DEB6C816C}.Debug|Any CPU.ActiveCfg = Debug|Any CPU
		{DE498112-F113-4E04-B5C7-AD1DEB6C816C}.Debug|Any CPU.Build.0 = Debug|Any CPU
		{DE498112-F113-4E04-B5C7-AD1DEB6C816C}.Release|Any CPU.ActiveCfg = Release|Any CPU
		{DE498112-F113-4E04-B5C7-AD1DEB6C816C}.Release|Any CPU.Build.0 = Release|Any CPU
		{45E99DC1-4673-4B63-AAF7-A2B0DE5031C5}.Debug|Any CPU.ActiveCfg = Debug|Any CPU
		{45E99DC1-4673-4B63-AAF7-A2B0DE5031C5}.Debug|Any CPU.Build.0 = Debug|Any CPU
		{45E99DC1-4673-4B63-AAF7-A2B0DE5031C5}.Release|Any CPU.ActiveCfg = Release|Any CPU
		{45E99DC1-4673-4B63-AAF7-A2B0DE5031C5}.Release|Any CPU.Build.0 = Release|Any CPU
		{59D9EEE9-0774-4498-98B9-DCA442D9FDC0}.Debug|Any CPU.ActiveCfg = Debug|Any CPU
		{59D9EEE9-0774-4498-98B9-DCA442D9FDC0}.Debug|Any CPU.Build.0 = Debug|Any CPU
		{59D9EEE9-0774-4498-98B9-DCA442D9FDC0}.Release|Any CPU.ActiveCfg = Release|Any CPU
		{59D9EEE9-0774-4498-98B9-DCA442D9FDC0}.Release|Any CPU.Build.0 = Release|Any CPU
		{C7E877E6-892C-4703-B08A-D8979124257D}.Debug|Any CPU.ActiveCfg = Debug|Any CPU
		{C7E877E6-892C-4703-B08A-D8979124257D}.Debug|Any CPU.Build.0 = Debug|Any CPU
		{C7E877E6-892C-4703-B08A-D8979124257D}.Release|Any CPU.ActiveCfg = Release|Any CPU
		{C7E877E6-892C-4703-B08A-D8979124257D}.Release|Any CPU.Build.0 = Release|Any CPU
		{382F0A0B-2A29-4C95-8E2C-97A13DE6F39A}.Debug|Any CPU.ActiveCfg = Debug|Any CPU
		{382F0A0B-2A29-4C95-8E2C-97A13DE6F39A}.Debug|Any CPU.Build.0 = Debug|Any CPU
		{382F0A0B-2A29-4C95-8E2C-97A13DE6F39A}.Release|Any CPU.ActiveCfg = Release|Any CPU
		{382F0A0B-2A29-4C95-8E2C-97A13DE6F39A}.Release|Any CPU.Build.0 = Release|Any CPU
		{2975D3CB-6DAF-46E5-877C-989DE2161CA1}.Debug|Any CPU.ActiveCfg = Debug|Any CPU
		{2975D3CB-6DAF-46E5-877C-989DE2161CA1}.Debug|Any CPU.Build.0 = Debug|Any CPU
		{2975D3CB-6DAF-46E5-877C-989DE2161CA1}.Release|Any CPU.ActiveCfg = Release|Any CPU
		{2975D3CB-6DAF-46E5-877C-989DE2161CA1}.Release|Any CPU.Build.0 = Release|Any CPU
	EndGlobalSection
	GlobalSection(SolutionProperties) = preSolution
		HideSolutionNode = FALSE
	EndGlobalSection
EndGlobal
